
Microsoft Visual Studio Solution File, Format Version 12.00
# Visual Studio Version 17
VisualStudioVersion = 17.10.35004.147
MinimumVisualStudioVersion = 10.0.40219.1
Project("{FAE04EC0-301F-11D3-BF4B-00C04F79EFBC}") = "TypeTriangle", "TypeTriangle\TypeTriangle.csproj", "{C71C6634-65BE-4D1F-81BA-C1D91B214162}"
EndProject
Project("{FAE04EC0-301F-11D3-BF4B-00C04F79EFBC}") = "TypeTriangleTest", "TypeTriangleTest\TypeTriangleTest.csproj", "{CCE29078-841C-4846-86BE-29CB6E723B95}"
EndProject
Global
	GlobalSection(SolutionConfigurationPlatforms) = preSolution
		Debug|Any CPU = Debug|Any CPU
		Release|Any CPU = Release|Any CPU
	EndGlobalSection
	GlobalSection(ProjectConfigurationPlatforms) = postSolution
		{C71C6634-65BE-4D1F-81BA-C1D91B214162}.Debug|Any CPU.ActiveCfg = Debug|Any CPU
		{C71C6634-65BE-4D1F-81BA-C1D91B214162}.Debug|Any CPU.Build.0 = Debug|Any CPU
		{C71C6634-65BE-4D1F-81BA-C1D91B214162}.Release|Any CPU.ActiveCfg = Release|Any CPU
		{C71C6634-65BE-4D1F-81BA-C1D91B214162}.Release|Any CPU.Build.0 = Release|Any CPU
		{CCE29078-841C-4846-86BE-29CB6E723B95}.Debug|Any CPU.ActiveCfg = Debug|Any CPU
		{CCE29078-841C-4846-86BE-29CB6E723B95}.Debug|Any CPU.Build.0 = Debug|Any CPU
		{CCE29078-841C-4846-86BE-29CB6E723B95}.Release|Any CPU.ActiveCfg = Release|Any CPU
		{CCE29078-841C-4846-86BE-29CB6E723B95}.Release|Any CPU.Build.0 = Release|Any CPU
	EndGlobalSection
	GlobalSection(SolutionProperties) = preSolution
		HideSolutionNode = FALSE
	EndGlobalSection
	GlobalSection(ExtensibilityGlobals) = postSolution
		SolutionGuid = {24443F5A-549E-405E-8465-B163D324B97B}
	EndGlobalSection
EndGlobal
